
Microsoft Visual Studio Solution File, Format Version 12.00
# Visual Studio Version 17
VisualStudioVersion = 17.4.33213.308
MinimumVisualStudioVersion = 10.0.40219.1
Project("{9A19103F-16F7-4668-BE54-9A1E7A4F7556}") = "MyDictionary", "DictionaryHashHashset\MyDictionary.csproj", "{8F9FD443-4A21-4A20-B168-7AFF09E69CC6}"
EndProject
Project("{9A19103F-16F7-4668-BE54-9A1E7A4F7556}") = "Hashtable", "Hashtable\Hashtable.csproj", "{7DE2D515-E89B-45C8-9298-9A25820AA88A}"
EndProject
Project("{FAE04EC0-301F-11D3-BF4B-00C04F79EFBC}") = "7. CuckooHashing", "4. DictHashSet\7. CuckooHashing.csproj", "{BDC88A11-B767-425F-8341-79306EC88D12}"
EndProject
Global
	GlobalSection(SolutionConfigurationPlatforms) = preSolution
		Debug|Any CPU = Debug|Any CPU
		Release|Any CPU = Release|Any CPU
	EndGlobalSection
	GlobalSection(ProjectConfigurationPlatforms) = postSolution
		{8F9FD443-4A21-4A20-B168-7AFF09E69CC6}.Debug|Any CPU.ActiveCfg = Debug|Any CPU
		{8F9FD443-4A21-4A20-B168-7AFF09E69CC6}.Debug|Any CPU.Build.0 = Debug|Any CPU
		{8F9FD443-4A21-4A20-B168-7AFF09E69CC6}.Release|Any CPU.ActiveCfg = Release|Any CPU
		{8F9FD443-4A21-4A20-B168-7AFF09E69CC6}.Release|Any CPU.Build.0 = Release|Any CPU
		{7DE2D515-E89B-45C8-9298-9A25820AA88A}.Debug|Any CPU.ActiveCfg = Debug|Any CPU
		{7DE2D515-E89B-45C8-9298-9A25820AA88A}.Debug|Any CPU.Build.0 = Debug|Any CPU
		{7DE2D515-E89B-45C8-9298-9A25820AA88A}.Release|Any CPU.ActiveCfg = Release|Any CPU
		{7DE2D515-E89B-45C8-9298-9A25820AA88A}.Release|Any CPU.Build.0 = Release|Any CPU
		{BDC88A11-B767-425F-8341-79306EC88D12}.Debug|Any CPU.ActiveCfg = Debug|Any CPU
		{BDC88A11-B767-425F-8341-79306EC88D12}.Debug|Any CPU.Build.0 = Debug|Any CPU
		{BDC88A11-B767-425F-8341-79306EC88D12}.Release|Any CPU.ActiveCfg = Release|Any CPU
		{BDC88A11-B767-425F-8341-79306EC88D12}.Release|Any CPU.Build.0 = Release|Any CPU
	EndGlobalSection
	GlobalSection(SolutionProperties) = preSolution
		HideSolutionNode = FALSE
	EndGlobalSection
	GlobalSection(ExtensibilityGlobals) = postSolution
		SolutionGuid = {26EF61AA-1433-41AB-BA09-78BB9DF1146E}
	EndGlobalSection
EndGlobal
